# THIS IS AN AUTOGENERATED FILE. DO NOT EDIT THIS FILE DIRECTLY.
# yarn lockfile v1


flexslider@^2.7.2:
  version "2.7.2"
  resolved "https://registry.yarnpkg.com/flexslider/-/flexslider-2.7.2.tgz#c0f4d36559b86feb8a3bc7d6a5abb9aa01bcf909"
  integrity sha512-ayzD+g+zYPG+sM+LXyXbfm4gS4unLB0PGsjwIu03TeRNZ+JLQTtbV3J42VO9ooRZ9idmuWgR5s3r4hw6shS1tQ==
  dependencies:
    jquery ">=1.11.3"

jquery@>=1.11.3:
  version "3.6.0"
  resolved "https://registry.yarnpkg.com/jquery/-/jquery-3.6.0.tgz#c72a09f15c1bdce142f49dbf1170bdf8adac2470"
  integrity sha512-JVzAR/AjBvVt2BmYhxRCSYysDsPcssdmTFnzyLEts9qNwmjmu4JTAMYubEfwVOSwpQ1I1sKKFcxhZCI2buerfw==

slick-carousel@^1.8.1:
  version "1.8.1"
  resolved "https://registry.yarnpkg.com/slick-carousel/-/slick-carousel-1.8.1.tgz#a4bfb29014887bb66ce528b90bd0cda262cc8f8d"
  integrity sha512-XB9Ftrf2EEKfzoQXt3Nitrt/IPbT+f1fgqBdoxO3W/+JYvtEOW6EgxnWfr9GH6nmULv7Y2tPmEX3koxThVmebA==

tiny-slider@^2.9.4:
  version "2.9.4"
  resolved "https://registry.yarnpkg.com/tiny-slider/-/tiny-slider-2.9.4.tgz#dd5cbf3065f1688ade8383ea6342aefcba22ccc4"
  integrity sha512-LAs2kldWcY+BqCKw4kxd4CMx2RhWrHyEePEsymlOIISTlOVkjfK40sSD7ay73eKXBLg/UkluAZpcfCstimHXew==
